{
  "pins" : [
    {
      "identity" : "swiftobserver",
      "kind" : "remoteSourceControl",
      "location" : "https://github.com/codeface-io/SwiftObserver.git",
      "state" : {
        "revision" : "bb5d6690201db48ded3a6c7e55c927717846255b",
        "version" : "7.0.3"
      }
    },
    {
      "identity" : "swiftytoolz",
      "kind" : "remoteSourceControl",
      "location" : "https://github.com/flowtoolz/SwiftyToolz.git",
      "state" : {
        "revision" : "2e62cb659792f508136f27327d48d06c647fc68b",
        "version" : "0.1.1"
      }
    }
  ],
  "version" : 2
}
